
Microsoft Visual Studio Solution File, Format Version 9.00
# Visual Studio 2005
Project("{8BC9CEB8-8B4A-11D0-8D11-00A0C91BC942}") = "libspeexdsp", "libspeexdsp\libspeexdsp.vcproj", "{E42FDC95-7243-4219-9EA4-ACCE4AB97197}"
EndProject
Project("{8BC9CEB8-8B4A-11D0-8D11-00A0C91BC942}") = "testdenoise", "tests\testdenoise.vcproj", "{961B8359-1393-4EF7-B8E0-67B6FE1C6DA9}"
	ProjectSection(ProjectDependencies) = postProject
		{E42FDC95-7243-4219-9EA4-ACCE4AB97197} = {E42FDC95-7243-4219-9EA4-ACCE4AB97197}
	EndProjectSection
EndProject
Project("{8BC9CEB8-8B4A-11D0-8D11-00A0C91BC942}") = "testecho", "tests\testecho.vcproj", "{961B8359-1393-4EF7-B8E0-67B6FE1C6DAA}"
	ProjectSection(ProjectDependencies) = postProject
		{E42FDC95-7243-4219-9EA4-ACCE4AB97197} = {E42FDC95-7243-4219-9EA4-ACCE4AB97197}
	EndProjectSection
EndProject
Project("{8BC9CEB8-8B4A-11D0-8D11-00A0C91BC942}") = "testresample", "tests\testresample.vcproj", "{961B8359-1393-4EF7-B8E0-67B6FE1C6DAB}"
	ProjectSection(ProjectDependencies) = postProject
		{E42FDC95-7243-4219-9EA4-ACCE4AB97197} = {E42FDC95-7243-4219-9EA4-ACCE4AB97197}
	EndProjectSection
EndProject
Global
	GlobalSection(SolutionConfigurationPlatforms) = preSolution
		Debug_RTL_dll|Win32 = Debug_RTL_dll|Win32
		Debug_WM5_PPC_ARM|Win32 = Debug_WM5_PPC_ARM|Win32
		Debug|Win32 = Debug|Win32
		Release_Dynamic_SSE|Win32 = Release_Dynamic_SSE|Win32
		Release_Dynamic|Win32 = Release_Dynamic|Win32
		Release_RTL_dll|Win32 = Release_RTL_dll|Win32
		Release_SSE|Win32 = Release_SSE|Win32
		Release_SSE2|Win32 = Release_SSE2|Win32
		Release_WM5_PPC_ARM|Win32 = Release_WM5_PPC_ARM|Win32
		Release|Win32 = Release|Win32
	EndGlobalSection
	GlobalSection(ProjectConfigurationPlatforms) = postSolution
		{E972C52F-9E85-4D65-B19C-031E511E9DB4}.Debug_RTL_dll|Win32.ActiveCfg = Debug_RTL_dll|Win32
		{E972C52F-9E85-4D65-B19C-031E511E9DB4}.Debug_RTL_dll|Win32.Build.0 = Debug_RTL_dll|Win32
		{E972C52F-9E85-4D65-B19C-031E511E9DB4}.Debug_WM5_PPC_ARM|Win32.ActiveCfg = Debug_WM5_PPC_ARM|Win32
		{E972C52F-9E85-4D65-B19C-031E511E9DB4}.Debug_WM5_PPC_ARM|Win32.Build.0 = Debug_WM5_PPC_ARM|Win32
		{E972C52F-9E85-4D65-B19C-031E511E9DB4}.Debug|Win32.ActiveCfg = Debug|Win32
		{E972C52F-9E85-4D65-B19C-031E511E9DB4}.Debug|Win32.Build.0 = Debug|Win32
		{E972C52F-9E85-4D65-B19C-031E511E9DB4}.Release_Dynamic_SSE|Win32.ActiveCfg = Release_Dynamic_SSE|Win32
		{E972C52F-9E85-4D65-B19C-031E511E9DB4}.Release_Dynamic_SSE|Win32.Build.0 = Release_Dynamic_SSE|Win32
		{E972C52F-9E85-4D65-B19C-031E511E9DB4}.Release_Dynamic|Win32.ActiveCfg = Release_Dynamic|Win32
		{E972C52F-9E85-4D65-B19C-031E511E9DB4}.Release_Dynamic|Win32.Build.0 = Release_Dynamic|Win32
		{E972C52F-9E85-4D65-B19C-031E511E9DB4}.Release_RTL_dll|Win32.ActiveCfg = Release_RTL_dll|Win32
		{E972C52F-9E85-4D65-B19C-031E511E9DB4}.Release_RTL_dll|Win32.Build.0 = Release_RTL_dll|Win32
		{E972C52F-9E85-4D65-B19C-031E511E9DB4}.Release_SSE|Win32.ActiveCfg = Release_SSE|Win32
		{E972C52F-9E85-4D65-B19C-031E511E9DB4}.Release_SSE|Win32.Build.0 = Release_SSE|Win32
		{E972C52F-9E85-4D65-B19C-031E511E9DB4}.Release_SSE2|Win32.ActiveCfg = Release_SSE2|Win32
		{E972C52F-9E85-4D65-B19C-031E511E9DB4}.Release_SSE2|Win32.Build.0 = Release_SSE2|Win32
		{E972C52F-9E85-4D65-B19C-031E511E9DB4}.Release_WM5_PPC_ARM|Win32.ActiveCfg = Release_WM5_PPC_ARM|Win32
		{E972C52F-9E85-4D65-B19C-031E511E9DB4}.Release_WM5_PPC_ARM|Win32.Build.0 = Release_WM5_PPC_ARM|Win32
		{E972C52F-9E85-4D65-B19C-031E511E9DB4}.Release|Win32.ActiveCfg = Release|Win32
		{E972C52F-9E85-4D65-B19C-031E511E9DB4}.Release|Win32.Build.0 = Release|Win32
		{E42FDC95-7243-4219-9EA4-ACCE4AB97197}.Debug_RTL_dll|Win32.ActiveCfg = Debug_RTL_dll|Win32
		{E42FDC95-7243-4219-9EA4-ACCE4AB97197}.Debug_RTL_dll|Win32.Build.0 = Debug_RTL_dll|Win32
		{E42FDC95-7243-4219-9EA4-ACCE4AB97197}.Debug_WM5_PPC_ARM|Win32.ActiveCfg = Debug_WM5_PPC_ARM|Win32
		{E42FDC95-7243-4219-9EA4-ACCE4AB97197}.Debug_WM5_PPC_ARM|Win32.Build.0 = Debug_WM5_PPC_ARM|Win32
		{E42FDC95-7243-4219-9EA4-ACCE4AB97197}.Debug|Win32.ActiveCfg = Debug|Win32
		{E42FDC95-7243-4219-9EA4-ACCE4AB97197}.Debug|Win32.Build.0 = Debug|Win32
		{E42FDC95-7243-4219-9EA4-ACCE4AB97197}.Release_Dynamic_SSE|Win32.ActiveCfg = Release_Dynamic_SSE|Win32
		{E42FDC95-7243-4219-9EA4-ACCE4AB97197}.Release_Dynamic_SSE|Win32.Build.0 = Release_Dynamic_SSE|Win32
		{E42FDC95-7243-4219-9EA4-ACCE4AB97197}.Release_Dynamic|Win32.ActiveCfg = Release_Dynamic|Win32
		{E42FDC95-7243-4219-9EA4-ACCE4AB97197}.Release_Dynamic|Win32.Build.0 = Release_Dynamic|Win32
		{E42FDC95-7243-4219-9EA4-ACCE4AB97197}.Release_RTL_dll|Win32.ActiveCfg = Release_RTL_dll|Win32
		{E42FDC95-7243-4219-9EA4-ACCE4AB97197}.Release_RTL_dll|Win32.Build.0 = Release_RTL_dll|Win32
		{E42FDC95-7243-4219-9EA4-ACCE4AB97197}.Release_SSE|Win32.ActiveCfg = Release_SSE|Win32
		{E42FDC95-7243-4219-9EA4-ACCE4AB97197}.Release_SSE|Win32.Build.0 = Release_SSE|Win32
		{E42FDC95-7243-4219-9EA4-ACCE4AB97197}.Release_SSE2|Win32.ActiveCfg = Release_SSE2|Win32
		{E42FDC95-7243-4219-9EA4-ACCE4AB97197}.Release_SSE2|Win32.Build.0 = Release_SSE2|Win32
		{E42FDC95-7243-4219-9EA4-ACCE4AB97197}.Release_WM5_PPC_ARM|Win32.ActiveCfg = Release|Win32
		{E42FDC95-7243-4219-9EA4-ACCE4AB97197}.Release_WM5_PPC_ARM|Win32.Build.0 = Release|Win32
		{E42FDC95-7243-4219-9EA4-ACCE4AB97197}.Release|Win32.ActiveCfg = Release|Win32
		{E42FDC95-7243-4219-9EA4-ACCE4AB97197}.Release|Win32.Build.0 = Release|Win32
		{961B8359-1393-4EF7-B8E0-67B6FE1C6DA8}.Debug_RTL_dll|Win32.ActiveCfg = Debug|Win32
		{961B8359-1393-4EF7-B8E0-67B6FE1C6DA8}.Debug_RTL_dll|Win32.Build.0 = Debug|Win32
		{961B8359-1393-4EF7-B8E0-67B6FE1C6DA8}.Debug_WM5_PPC_ARM|Win32.ActiveCfg = Debug|Win32
		{961B8359-1393-4EF7-B8E0-67B6FE1C6DA8}.Debug|Win32.ActiveCfg = Debug|Win32
		{961B8359-1393-4EF7-B8E0-67B6FE1C6DA8}.Debug|Win32.Build.0 = Debug|Win32
		{961B8359-1393-4EF7-B8E0-67B6FE1C6DA8}.Release_Dynamic_SSE|Win32.ActiveCfg = Release_SSE|Win32
		{961B8359-1393-4EF7-B8E0-67B6FE1C6DA8}.Release_Dynamic_SSE|Win32.Build.0 = Release_SSE|Win32
		{961B8359-1393-4EF7-B8E0-67B6FE1C6DA8}.Release_Dynamic|Win32.ActiveCfg = Release|Win32
		{961B8359-1393-4EF7-B8E0-67B6FE1C6DA8}.Release_Dynamic|Win32.Build.0 = Release|Win32
		{961B8359-1393-4EF7-B8E0-67B6FE1C6DA8}.Release_RTL_dll|Win32.ActiveCfg = Release|Win32
		{961B8359-1393-4EF7-B8E0-67B6FE1C6DA8}.Release_RTL_dll|Win32.Build.0 = Release|Win32
		{961B8359-1393-4EF7-B8E0-67B6FE1C6DA8}.Release_SSE|Win32.ActiveCfg = Release_SSE|Win32
		{961B8359-1393-4EF7-B8E0-67B6FE1C6DA8}.Release_SSE|Win32.Build.0 = Release_SSE|Win32
		{961B8359-1393-4EF7-B8E0-67B6FE1C6DA8}.Release_SSE2|Win32.ActiveCfg = Release_SSE|Win32
		{961B8359-1393-4EF7-B8E0-67B6FE1C6DA8}.Release_SSE2|Win32.Build.0 = Release_SSE|Win32
		{961B8359-1393-4EF7-B8E0-67B6FE1C6DA8}.Release_WM5_PPC_ARM|Win32.ActiveCfg = Release_SSE|Win32
		{961B8359-1393-4EF7-B8E0-67B6FE1C6DA8}.Release_WM5_PPC_ARM|Win32.Build.0 = Release_SSE|Win32
		{961B8359-1393-4EF7-B8E0-67B6FE1C6DA8}.Release|Win32.ActiveCfg = Release|Win32
		{961B8359-1393-4EF7-B8E0-67B6FE1C6DA8}.Release|Win32.Build.0 = Release|Win32
		{CD6043D1-D5E7-46D0-854F-00BB1BC308FC}.Debug_RTL_dll|Win32.ActiveCfg = Debug|Win32
		{CD6043D1-D5E7-46D0-854F-00BB1BC308FC}.Debug_RTL_dll|Win32.Build.0 = Debug|Win32
		{CD6043D1-D5E7-46D0-854F-00BB1BC308FC}.Debug_WM5_PPC_ARM|Win32.ActiveCfg = Debug|Win32
		{CD6043D1-D5E7-46D0-854F-00BB1BC308FC}.Debug|Win32.ActiveCfg = Debug|Win32
		{CD6043D1-D5E7-46D0-854F-00BB1BC308FC}.Debug|Win32.Build.0 = Debug|Win32
		{CD6043D1-D5E7-46D0-854F-00BB1BC308FC}.Release_Dynamic_SSE|Win32.ActiveCfg = Release_SSE|Win32
		{CD6043D1-D5E7-46D0-854F-00BB1BC308FC}.Release_Dynamic_SSE|Win32.Build.0 = Release_SSE|Win32
		{CD6043D1-D5E7-46D0-854F-00BB1BC308FC}.Release_Dynamic|Win32.ActiveCfg = Release|Win32
		{CD6043D1-D5E7-46D0-854F-00BB1BC308FC}.Release_Dynamic|Win32.Build.0 = Release|Win32
		{CD6043D1-D5E7-46D0-854F-00BB1BC308FC}.Release_RTL_dll|Win32.ActiveCfg = Release|Win32
		{CD6043D1-D5E7-46D0-854F-00BB1BC308FC}.Release_RTL_dll|Win32.Build.0 = Release|Win32
		{CD6043D1-D5E7-46D0-854F-00BB1BC308FC}.Release_SSE|Win32.ActiveCfg = Release_SSE|Win32
		{CD6043D1-D5E7-46D0-854F-00BB1BC308FC}.Release_SSE|Win32.Build.0 = Release_SSE|Win32
		{CD6043D1-D5E7-46D0-854F-00BB1BC308FC}.Release_SSE2|Win32.ActiveCfg = Release_SSE|Win32
		{CD6043D1-D5E7-46D0-854F-00BB1BC308FC}.Release_SSE2|Win32.Build.0 = Release_SSE|Win32
		{CD6043D1-D5E7-46D0-854F-00BB1BC308FC}.Release_WM5_PPC_ARM|Win32.ActiveCfg = Release_SSE|Win32
		{CD6043D1-D5E7-46D0-854F-00BB1BC308FC}.Release_WM5_PPC_ARM|Win32.Build.0 = Release_SSE|Win32
		{CD6043D1-D5E7-46D0-854F-00BB1BC308FC}.Release|Win32.ActiveCfg = Release|Win32
		{CD6043D1-D5E7-46D0-854F-00BB1BC308FC}.Release|Win32.Build.0 = Release|Win32
		{961B8359-1393-4EF7-B8E0-67B6FE1C6DA9}.Debug_RTL_dll|Win32.ActiveCfg = Debug|Win32
		{961B8359-1393-4EF7-B8E0-67B6FE1C6DA9}.Debug_RTL_dll|Win32.Build.0 = Debug|Win32
		{961B8359-1393-4EF7-B8E0-67B6FE1C6DA9}.Debug_WM5_PPC_ARM|Win32.ActiveCfg = Debug|Win32
		{961B8359-1393-4EF7-B8E0-67B6FE1C6DA9}.Debug|Win32.ActiveCfg = Debug|Win32
		{961B8359-1393-4EF7-B8E0-67B6FE1C6DA9}.Debug|Win32.Build.0 = Debug|Win32
		{961B8359-1393-4EF7-B8E0-67B6FE1C6DA9}.Release_Dynamic_SSE|Win32.ActiveCfg = Release_SSE|Win32
		{961B8359-1393-4EF7-B8E0-67B6FE1C6DA9}.Release_Dynamic_SSE|Win32.Build.0 = Release_SSE|Win32
		{961B8359-1393-4EF7-B8E0-67B6FE1C6DA9}.Release_Dynamic|Win32.ActiveCfg = Release|Win32
		{961B8359-1393-4EF7-B8E0-67B6FE1C6DA9}.Release_Dynamic|Win32.Build.0 = Release|Win32
		{961B8359-1393-4EF7-B8E0-67B6FE1C6DA9}.Release_RTL_dll|Win32.ActiveCfg = Release|Win32
		{961B8359-1393-4EF7-B8E0-67B6FE1C6DA9}.Release_RTL_dll|Win32.Build.0 = Release|Win32
		{961B8359-1393-4EF7-B8E0-67B6FE1C6DA9}.Release_SSE|Win32.ActiveCfg = Release_SSE|Win32
		{961B8359-1393-4EF7-B8E0-67B6FE1C6DA9}.Release_SSE|Win32.Build.0 = Release_SSE|Win32
		{961B8359-1393-4EF7-B8E0-67B6FE1C6DA9}.Release_SSE2|Win32.ActiveCfg = Release_SSE|Win32
		{961B8359-1393-4EF7-B8E0-67B6FE1C6DA9}.Release_SSE2|Win32.Build.0 = Release_SSE|Win32
		{961B8359-1393-4EF7-B8E0-67B6FE1C6DA9}.Release_WM5_PPC_ARM|Win32.ActiveCfg = Release_SSE|Win32
		{961B8359-1393-4EF7-B8E0-67B6FE1C6DA9}.Release_WM5_PPC_ARM|Win32.Build.0 = Release_SSE|Win32
		{961B8359-1393-4EF7-B8E0-67B6FE1C6DA9}.Release|Win32.ActiveCfg = Release|Win32
		{961B8359-1393-4EF7-B8E0-67B6FE1C6DA9}.Release|Win32.Build.0 = Release|Win32
		{961B8359-1393-4EF7-B8E0-67B6FE1C6DAA}.Debug_RTL_dll|Win32.ActiveCfg = Debug|Win32
		{961B8359-1393-4EF7-B8E0-67B6FE1C6DAA}.Debug_RTL_dll|Win32.Build.0 = Debug|Win32
		{961B8359-1393-4EF7-B8E0-67B6FE1C6DAA}.Debug_WM5_PPC_ARM|Win32.ActiveCfg = Debug|Win32
		{961B8359-1393-4EF7-B8E0-67B6FE1C6DAA}.Debug|Win32.ActiveCfg = Debug|Win32
		{961B8359-1393-4EF7-B8E0-67B6FE1C6DAA}.Debug|Win32.Build.0 = Debug|Win32
		{961B8359-1393-4EF7-B8E0-67B6FE1C6DAA}.Release_Dynamic_SSE|Win32.ActiveCfg = Release_SSE|Win32
		{961B8359-1393-4EF7-B8E0-67B6FE1C6DAA}.Release_Dynamic_SSE|Win32.Build.0 = Release_SSE|Win32
		{961B8359-1393-4EF7-B8E0-67B6FE1C6DAA}.Release_Dynamic|Win32.ActiveCfg = Release|Win32
		{961B8359-1393-4EF7-B8E0-67B6FE1C6DAA}.Release_Dynamic|Win32.Build.0 = Release|Win32
		{961B8359-1393-4EF7-B8E0-67B6FE1C6DAA}.Release_RTL_dll|Win32.ActiveCfg = Release|Win32
		{961B8359-1393-4EF7-B8E0-67B6FE1C6DAA}.Release_RTL_dll|Win32.Build.0 = Release|Win32
		{961B8359-1393-4EF7-B8E0-67B6FE1C6DAA}.Release_SSE|Win32.ActiveCfg = Release_SSE|Win32
		{961B8359-1393-4EF7-B8E0-67B6FE1C6DAA}.Release_SSE|Win32.Build.0 = Release_SSE|Win32
		{961B8359-1393-4EF7-B8E0-67B6FE1C6DAA}.Release_SSE2|Win32.ActiveCfg = Release_SSE|Win32
		{961B8359-1393-4EF7-B8E0-67B6FE1C6DAA}.Release_SSE2|Win32.Build.0 = Release_SSE|Win32
		{961B8359-1393-4EF7-B8E0-67B6FE1C6DAA}.Release_WM5_PPC_ARM|Win32.ActiveCfg = Release_SSE|Win32
		{961B8359-1393-4EF7-B8E0-67B6FE1C6DAA}.Release_WM5_PPC_ARM|Win32.Build.0 = Release_SSE|Win32
		{961B8359-1393-4EF7-B8E0-67B6FE1C6DAA}.Release|Win32.ActiveCfg = Release|Win32
		{961B8359-1393-4EF7-B8E0-67B6FE1C6DAA}.Release|Win32.Build.0 = Release|Win32
		{961B8359-1393-4EF7-B8E0-67B6FE1C6DAE}.Debug_RTL_dll|Win32.ActiveCfg = Debug|Win32
		{961B8359-1393-4EF7-B8E0-67B6FE1C6DAE}.Debug_RTL_dll|Win32.Build.0 = Debug|Win32
		{961B8359-1393-4EF7-B8E0-67B6FE1C6DAE}.Debug_WM5_PPC_ARM|Win32.ActiveCfg = Debug|Win32
		{961B8359-1393-4EF7-B8E0-67B6FE1C6DAE}.Debug|Win32.ActiveCfg = Debug|Win32
		{961B8359-1393-4EF7-B8E0-67B6FE1C6DAE}.Debug|Win32.Build.0 = Debug|Win32
		{961B8359-1393-4EF7-B8E0-67B6FE1C6DAE}.Release_Dynamic_SSE|Win32.ActiveCfg = Release_SSE|Win32
		{961B8359-1393-4EF7-B8E0-67B6FE1C6DAE}.Release_Dynamic_SSE|Win32.Build.0 = Release_SSE|Win32
		{961B8359-1393-4EF7-B8E0-67B6FE1C6DAE}.Release_Dynamic|Win32.ActiveCfg = Release|Win32
		{961B8359-1393-4EF7-B8E0-67B6FE1C6DAE}.Release_Dynamic|Win32.Build.0 = Release|Win32
		{961B8359-1393-4EF7-B8E0-67B6FE1C6DAE}.Release_RTL_dll|Win32.ActiveCfg = Release|Win32
		{961B8359-1393-4EF7-B8E0-67B6FE1C6DAE}.Release_RTL_dll|Win32.Build.0 = Release|Win32
		{961B8359-1393-4EF7-B8E0-67B6FE1C6DAE}.Release_SSE|Win32.ActiveCfg = Release_SSE|Win32
		{961B8359-1393-4EF7-B8E0-67B6FE1C6DAE}.Release_SSE|Win32.Build.0 = Release_SSE|Win32
		{961B8359-1393-4EF7-B8E0-67B6FE1C6DAE}.Release_SSE2|Win32.ActiveCfg = Release_SSE|Win32
		{961B8359-1393-4EF7-B8E0-67B6FE1C6DAE}.Release_SSE2|Win32.Build.0 = Release_SSE|Win32
		{961B8359-1393-4EF7-B8E0-67B6FE1C6DAE}.Release_WM5_PPC_ARM|Win32.ActiveCfg = Release_SSE|Win32
		{961B8359-1393-4EF7-B8E0-67B6FE1C6DAE}.Release_WM5_PPC_ARM|Win32.Build.0 = Release_SSE|Win32
		{961B8359-1393-4EF7-B8E0-67B6FE1C6DAE}.Release|Win32.ActiveCfg = Release|Win32
		{961B8359-1393-4EF7-B8E0-67B6FE1C6DAE}.Release|Win32.Build.0 = Release|Win32
		{961B8359-1393-4EF7-B8E0-67B6FE1C6DAC}.Debug_RTL_dll|Win32.ActiveCfg = Debug|Win32
		{961B8359-1393-4EF7-B8E0-67B6FE1C6DAC}.Debug_RTL_dll|Win32.Build.0 = Debug|Win32
		{961B8359-1393-4EF7-B8E0-67B6FE1C6DAC}.Debug_WM5_PPC_ARM|Win32.ActiveCfg = Debug|Win32
		{961B8359-1393-4EF7-B8E0-67B6FE1C6DAC}.Debug|Win32.ActiveCfg = Debug|Win32
		{961B8359-1393-4EF7-B8E0-67B6FE1C6DAC}.Debug|Win32.Build.0 = Debug|Win32
		{961B8359-1393-4EF7-B8E0-67B6FE1C6DAC}.Release_Dynamic_SSE|Win32.ActiveCfg = Release_SSE|Win32
		{961B8359-1393-4EF7-B8E0-67B6FE1C6DAC}.Release_Dynamic_SSE|Win32.Build.0 = Release_SSE|Win32
		{961B8359-1393-4EF7-B8E0-67B6FE1C6DAC}.Release_Dynamic|Win32.ActiveCfg = Release|Win32
		{961B8359-1393-4EF7-B8E0-67B6FE1C6DAC}.Release_Dynamic|Win32.Build.0 = Release|Win32
		{961B8359-1393-4EF7-B8E0-67B6FE1C6DAC}.Release_RTL_dll|Win32.ActiveCfg = Release|Win32
		{961B8359-1393-4EF7-B8E0-67B6FE1C6DAC}.Release_RTL_dll|Win32.Build.0 = Release|Win32
		{961B8359-1393-4EF7-B8E0-67B6FE1C6DAC}.Release_SSE|Win32.ActiveCfg = Release_SSE|Win32
		{961B8359-1393-4EF7-B8E0-67B6FE1C6DAC}.Release_SSE|Win32.Build.0 = Release_SSE|Win32
		{961B8359-1393-4EF7-B8E0-67B6FE1C6DAC}.Release_SSE2|Win32.ActiveCfg = Release_SSE|Win32
		{961B8359-1393-4EF7-B8E0-67B6FE1C6DAC}.Release_SSE2|Win32.Build.0 = Release_SSE|Win32
		{961B8359-1393-4EF7-B8E0-67B6FE1C6DAC}.Release_WM5_PPC_ARM|Win32.ActiveCfg = Release_SSE|Win32
		{961B8359-1393-4EF7-B8E0-67B6FE1C6DAC}.Release_WM5_PPC_ARM|Win32.Build.0 = Release_SSE|Win32
		{961B8359-1393-4EF7-B8E0-67B6FE1C6DAC}.Release|Win32.ActiveCfg = Release|Win32
		{961B8359-1393-4EF7-B8E0-67B6FE1C6DAC}.Release|Win32.Build.0 = Release|Win32
		{961B8359-1393-4EF7-B8E0-67B6FE1C6DAD}.Debug_RTL_dll|Win32.ActiveCfg = Debug|Win32
		{961B8359-1393-4EF7-B8E0-67B6FE1C6DAD}.Debug_RTL_dll|Win32.Build.0 = Debug|Win32
		{961B8359-1393-4EF7-B8E0-67B6FE1C6DAD}.Debug_WM5_PPC_ARM|Win32.ActiveCfg = Debug|Win32
		{961B8359-1393-4EF7-B8E0-67B6FE1C6DAD}.Debug|Win32.ActiveCfg = Debug|Win32
		{961B8359-1393-4EF7-B8E0-67B6FE1C6DAD}.Debug|Win32.Build.0 = Debug|Win32
		{961B8359-1393-4EF7-B8E0-67B6FE1C6DAD}.Release_Dynamic_SSE|Win32.ActiveCfg = Release_SSE|Win32
		{961B8359-1393-4EF7-B8E0-67B6FE1C6DAD}.Release_Dynamic_SSE|Win32.Build.0 = Release_SSE|Win32
		{961B8359-1393-4EF7-B8E0-67B6FE1C6DAD}.Release_Dynamic|Win32.ActiveCfg = Release|Win32
		{961B8359-1393-4EF7-B8E0-67B6FE1C6DAD}.Release_Dynamic|Win32.Build.0 = Release|Win32
		{961B8359-1393-4EF7-B8E0-67B6FE1C6DAD}.Release_RTL_dll|Win32.ActiveCfg = Release|Win32
		{961B8359-1393-4EF7-B8E0-67B6FE1C6DAD}.Release_RTL_dll|Win32.Build.0 = Release|Win32
		{961B8359-1393-4EF7-B8E0-67B6FE1C6DAD}.Release_SSE|Win32.ActiveCfg = Release_SSE|Win32
		{961B8359-1393-4EF7-B8E0-67B6FE1C6DAD}.Release_SSE|Win32.Build.0 = Release_SSE|Win32
		{961B8359-1393-4EF7-B8E0-67B6FE1C6DAD}.Release_SSE2|Win32.ActiveCfg = Release_SSE|Win32
		{961B8359-1393-4EF7-B8E0-67B6FE1C6DAD}.Release_SSE2|Win32.Build.0 = Release_SSE|Win32
		{961B8359-1393-4EF7-B8E0-67B6FE1C6DAD}.Release_WM5_PPC_ARM|Win32.ActiveCfg = Release_SSE|Win32
		{961B8359-1393-4EF7-B8E0-67B6FE1C6DAD}.Release_WM5_PPC_ARM|Win32.Build.0 = Release_SSE|Win32
		{961B8359-1393-4EF7-B8E0-67B6FE1C6DAD}.Release|Win32.ActiveCfg = Release|Win32
		{961B8359-1393-4EF7-B8E0-67B6FE1C6DAD}.Release|Win32.Build.0 = Release|Win32
		{961B8359-1393-4EF7-B8E0-67B6FE1C6DAB}.Debug_RTL_dll|Win32.ActiveCfg = Debug|Win32
		{961B8359-1393-4EF7-B8E0-67B6FE1C6DAB}.Debug_RTL_dll|Win32.Build.0 = Debug|Win32
		{961B8359-1393-4EF7-B8E0-67B6FE1C6DAB}.Debug_WM5_PPC_ARM|Win32.ActiveCfg = Debug|Win32
		{961B8359-1393-4EF7-B8E0-67B6FE1C6DAB}.Debug|Win32.ActiveCfg = Debug|Win32
		{961B8359-1393-4EF7-B8E0-67B6FE1C6DAB}.Debug|Win32.Build.0 = Debug|Win32
		{961B8359-1393-4EF7-B8E0-67B6FE1C6DAB}.Release_Dynamic_SSE|Win32.ActiveCfg = Release_SSE|Win32
		{961B8359-1393-4EF7-B8E0-67B6FE1C6DAB}.Release_Dynamic_SSE|Win32.Build.0 = Release_SSE|Win32
		{961B8359-1393-4EF7-B8E0-67B6FE1C6DAB}.Release_Dynamic|Win32.ActiveCfg = Release|Win32
		{961B8359-1393-4EF7-B8E0-67B6FE1C6DAB}.Release_Dynamic|Win32.Build.0 = Release|Win32
		{961B8359-1393-4EF7-B8E0-67B6FE1C6DAB}.Release_RTL_dll|Win32.ActiveCfg = Release|Win32
		{961B8359-1393-4EF7-B8E0-67B6FE1C6DAB}.Release_RTL_dll|Win32.Build.0 = Release|Win32
		{961B8359-1393-4EF7-B8E0-67B6FE1C6DAB}.Release_SSE|Win32.ActiveCfg = Release_SSE|Win32
		{961B8359-1393-4EF7-B8E0-67B6FE1C6DAB}.Release_SSE|Win32.Build.0 = Release_SSE|Win32
		{961B8359-1393-4EF7-B8E0-67B6FE1C6DAB}.Release_SSE2|Win32.ActiveCfg = Release_SSE|Win32
		{961B8359-1393-4EF7-B8E0-67B6FE1C6DAB}.Release_SSE2|Win32.Build.0 = Release_SSE|Win32
		{961B8359-1393-4EF7-B8E0-67B6FE1C6DAB}.Release_WM5_PPC_ARM|Win32.ActiveCfg = Release_SSE|Win32
		{961B8359-1393-4EF7-B8E0-67B6FE1C6DAB}.Release_WM5_PPC_ARM|Win32.Build.0 = Release_SSE|Win32
		{961B8359-1393-4EF7-B8E0-67B6FE1C6DAB}.Release|Win32.ActiveCfg = Release|Win32
		{961B8359-1393-4EF7-B8E0-67B6FE1C6DAB}.Release|Win32.Build.0 = Release|Win32
	EndGlobalSection
	GlobalSection(SolutionProperties) = preSolution
		HideSolutionNode = FALSE
	EndGlobalSection
EndGlobal
