<?xml version="1.0" encoding="utf-8"?>
<Project ToolsVersion="4.0" xmlns="http://schemas.microsoft.com/developer/msbuild/2003">
  <ItemGroup>
    <Filter Include="Source Files">
      <UniqueIdentifier>{4FC737F1-C7A5-4376-A066-2A32D752A2FF}</UniqueIdentifier>
      <Extensions>cpp;c;cxx;def;odl;idl;hpj;bat;asm;asmx</Extensions>
    </Filter>
    <Filter Include="Header Files">
      <UniqueIdentifier>{93995380-89BD-4b04-88EB-625FBE52EBFB}</UniqueIdentifier>
      <Extensions>h;hpp;hxx;hm;inl;inc;xsd</Extensions>
    </Filter>
    <Filter Include="Resource Files">
      <UniqueIdentifier>{67DA6AB6-F800-4c08-8B7A-83BB121AAD01}</UniqueIdentifier>
      <Extensions>rc;ico;cur;bmp;dlg;rc2;rct;bin;rgs;gif;jpg;jpeg;jpe;resx</Extensions>
    </Filter>
    <Filter Include="Public Header Files">
      <UniqueIdentifier>{7b49cf70-1d82-456c-8052-d1dec9e8e329}</UniqueIdentifier>
    </Filter>
  </ItemGroup>
  <ItemGroup>
    <ClCompile Include="..\..\..\libspeexdsp\buffer.c">
      <Filter>Source Files</Filter>
    </ClCompile>
    <ClCompile Include="..\..\..\libspeexdsp\fftwrap.c">
      <Filter>Source Files</Filter>
    </ClCompile>
    <ClCompile Include="..\..\..\libspeexdsp\filterbank.c">
      <Filter>Source Files</Filter>
    </ClCompile>
    <ClCompile Include="..\..\..\libspeexdsp\jitter.c">
      <Filter>Source Files</Filter>
    </ClCompile>
    <ClCompile Include="..\..\..\libspeexdsp\kiss_fft.c">
      <Filter>Source Files</Filter>
    </ClCompile>
    <ClCompile Include="..\..\..\libspeexdsp\kiss_fftr.c">
      <Filter>Source Files</Filter>
    </ClCompile>
    <ClCompile Include="..\..\..\libspeexdsp\mdf.c">
      <Filter>Source Files</Filter>
    </ClCompile>
    <ClCompile Include="..\..\..\libspeexdsp\preprocess.c">
      <Filter>Source Files</Filter>
    </ClCompile>
    <ClCompile Include="..\..\..\libspeexdsp\resample.c">
      <Filter>Source Files</Filter>
    </ClCompile>
    <ClCompile Include="..\..\..\libspeexdsp\scal.c">
      <Filter>Source Files</Filter>
    </ClCompile>
    <ClCompile Include="..\..\..\libspeexdsp\smallft.c">
      <Filter>Source Files</Filter>
    </ClCompile>
  </ItemGroup>
  <ItemGroup>
    <ClInclude Include="..\..\..\libspeex\_kiss_fft_guts.h">
      <Filter>Header Files</Filter>
    </ClInclude>
    <ClInclude Include="..\..\..\libspeex\arch.h">
      <Filter>Header Files</Filter>
    </ClInclude>
    <ClInclude Include="..\..\..\libspeex\fftwrap.h">
      <Filter>Header Files</Filter>
    </ClInclude>
    <ClInclude Include="..\..\..\libspeex\filterbank.h">
      <Filter>Header Files</Filter>
    </ClInclude>
    <ClInclude Include="..\..\..\libspeex\fixed_debug.h">
      <Filter>Header Files</Filter>
    </ClInclude>
    <ClInclude Include="..\..\..\libspeex\fixed_generic.h">
      <Filter>Header Files</Filter>
    </ClInclude>
    <ClInclude Include="..\..\..\libspeex\kiss_fft.h">
      <Filter>Header Files</Filter>
    </ClInclude>
    <ClInclude Include="..\..\..\libspeex\kiss_fftr.h">
      <Filter>Header Files</Filter>
    </ClInclude>
    <ClInclude Include="..\..\..\libspeex\math_approx.h">
      <Filter>Header Files</Filter>
    </ClInclude>
    <ClInclude Include="..\..\..\libspeex\os_support.h">
      <Filter>Header Files</Filter>
    </ClInclude>
    <ClInclude Include="..\..\..\libspeex\pseudofloat.h">
      <Filter>Header Files</Filter>
    </ClInclude>
    <ClInclude Include="..\..\..\libspeex\smallft.h">
      <Filter>Header Files</Filter>
    </ClInclude>
    <ClInclude Include="..\..\..\include\speex\speex.h">
      <Filter>Public Header Files</Filter>
    </ClInclude>
    <ClInclude Include="..\..\..\include\speex\speex_bits.h">
      <Filter>Public Header Files</Filter>
    </ClInclude>
    <ClInclude Include="..\..\..\include\speex\speex_buffer.h">
      <Filter>Public Header Files</Filter>
    </ClInclude>
    <ClInclude Include="..\..\..\include\speex\speex_echo.h">
      <Filter>Public Header Files</Filter>
    </ClInclude>
    <ClInclude Include="..\..\..\include\speex\speex_jitter.h">
      <Filter>Public Header Files</Filter>
    </ClInclude>
    <ClInclude Include="..\..\..\include\speex\speex_preprocess.h">
      <Filter>Public Header Files</Filter>
    </ClInclude>
    <ClInclude Include="..\..\..\include\speex\speex_resampler.h">
      <Filter>Public Header Files</Filter>
    </ClInclude>
    <ClInclude Include="..\..\..\include\speex\speex_types.h">
      <Filter>Public Header Files</Filter>
    </ClInclude>
    <ClInclude Include="..\..\config.h">
      <Filter>Header Files</Filter>
    </ClInclude>
  </ItemGroup>
  <ItemGroup>
    <None Include="..\..\libspeexdsp.def">
      <Filter>Source Files</Filter>
    </None>
  </ItemGroup>
</Project>