Microsoft Visual Studio Solution File, Format Version 12.00
# Visual Studio 15
VisualStudioVersion = 15.0.27130.2024
MinimumVisualStudioVersion = 10.0.40219.1
Project("{8BC9CEB8-8B4A-11D0-8D11-00A0C91BC942}") = "testdenoise", "tests\testdenoise.vcxproj", "{961B8359-1393-4EF7-B8E0-67B6FE1C6DA9}"
EndProject
Project("{8BC9CEB8-8B4A-11D0-8D11-00A0C91BC942}") = "testecho", "tests\testecho.vcxproj", "{961B8359-1393-4EF7-B8E0-67B6FE1C6DAA}"
EndProject
Project("{8BC9CEB8-8B4A-11D0-8D11-00A0C91BC942}") = "testresample", "tests\testresample.vcxproj", "{961B8359-1393-4EF7-B8E0-67B6FE1C6DAB}"
EndProject
Project("{8BC9CEB8-8B4A-11D0-8D11-00A0C91BC942}") = "libspeexdsp", "libspeexdsp\libspeexdsp.vcxproj", "{03207781-0D1C-4DB3-A71D-45C608F28DBD}"
EndProject
Global
	GlobalSection(SolutionConfigurationPlatforms) = preSolution
		Debug_RTL_dll|Win32 = Debug_RTL_dll|Win32
		Debug_RTL_dll|Windows Mobile 5.0 Pocket PC SDK (ARMV4I) = Debug_RTL_dll|Windows Mobile 5.0 Pocket PC SDK (ARMV4I)
		Debug_RTL_dll|x64 = Debug_RTL_dll|x64
		Debug_WM5_PPC_ARM|Win32 = Debug_WM5_PPC_ARM|Win32
		Debug_WM5_PPC_ARM|Windows Mobile 5.0 Pocket PC SDK (ARMV4I) = Debug_WM5_PPC_ARM|Windows Mobile 5.0 Pocket PC SDK (ARMV4I)
		Debug_WM5_PPC_ARM|x64 = Debug_WM5_PPC_ARM|x64
		Debug|Win32 = Debug|Win32
		Debug|Windows Mobile 5.0 Pocket PC SDK (ARMV4I) = Debug|Windows Mobile 5.0 Pocket PC SDK (ARMV4I)
		Debug|x64 = Debug|x64
		Release_Dynamic_SSE|Win32 = Release_Dynamic_SSE|Win32
		Release_Dynamic_SSE|Windows Mobile 5.0 Pocket PC SDK (ARMV4I) = Release_Dynamic_SSE|Windows Mobile 5.0 Pocket PC SDK (ARMV4I)
		Release_Dynamic_SSE|x64 = Release_Dynamic_SSE|x64
		Release_Dynamic|Win32 = Release_Dynamic|Win32
		Release_Dynamic|Windows Mobile 5.0 Pocket PC SDK (ARMV4I) = Release_Dynamic|Windows Mobile 5.0 Pocket PC SDK (ARMV4I)
		Release_Dynamic|x64 = Release_Dynamic|x64
		Release_RTL_dll|Win32 = Release_RTL_dll|Win32
		Release_RTL_dll|Windows Mobile 5.0 Pocket PC SDK (ARMV4I) = Release_RTL_dll|Windows Mobile 5.0 Pocket PC SDK (ARMV4I)
		Release_RTL_dll|x64 = Release_RTL_dll|x64
		Release_SSE|Win32 = Release_SSE|Win32
		Release_SSE|Windows Mobile 5.0 Pocket PC SDK (ARMV4I) = Release_SSE|Windows Mobile 5.0 Pocket PC SDK (ARMV4I)
		Release_SSE|x64 = Release_SSE|x64
		Release_SSE2|Win32 = Release_SSE2|Win32
		Release_SSE2|Windows Mobile 5.0 Pocket PC SDK (ARMV4I) = Release_SSE2|Windows Mobile 5.0 Pocket PC SDK (ARMV4I)
		Release_SSE2|x64 = Release_SSE2|x64
		Release_Static_SSE|Win32 = Release_Static_SSE|Win32
		Release_Static_SSE|Windows Mobile 5.0 Pocket PC SDK (ARMV4I) = Release_Static_SSE|Windows Mobile 5.0 Pocket PC SDK (ARMV4I)
		Release_Static_SSE|x64 = Release_Static_SSE|x64
		Release_WM5_PPC_ARM|Win32 = Release_WM5_PPC_ARM|Win32
		Release_WM5_PPC_ARM|Windows Mobile 5.0 Pocket PC SDK (ARMV4I) = Release_WM5_PPC_ARM|Windows Mobile 5.0 Pocket PC SDK (ARMV4I)
		Release_WM5_PPC_ARM|x64 = Release_WM5_PPC_ARM|x64
		Release|Win32 = Release|Win32
		Release|Windows Mobile 5.0 Pocket PC SDK (ARMV4I) = Release|Windows Mobile 5.0 Pocket PC SDK (ARMV4I)
		Release|x64 = Release|x64
	EndGlobalSection
	GlobalSection(ProjectConfigurationPlatforms) = postSolution
		{961B8359-1393-4EF7-B8E0-67B6FE1C6DA9}.Debug_RTL_dll|Win32.ActiveCfg = Debug|Win32
		{961B8359-1393-4EF7-B8E0-67B6FE1C6DA9}.Debug_RTL_dll|Win32.Build.0 = Debug|Win32
		{961B8359-1393-4EF7-B8E0-67B6FE1C6DA9}.Debug_RTL_dll|Windows Mobile 5.0 Pocket PC SDK (ARMV4I).ActiveCfg = Debug|Win32
		{961B8359-1393-4EF7-B8E0-67B6FE1C6DA9}.Debug_RTL_dll|x64.ActiveCfg = Debug|x64
		{961B8359-1393-4EF7-B8E0-67B6FE1C6DA9}.Debug_RTL_dll|x64.Build.0 = Debug|x64
		{961B8359-1393-4EF7-B8E0-67B6FE1C6DA9}.Debug_WM5_PPC_ARM|Win32.ActiveCfg = Debug|Win32
		{961B8359-1393-4EF7-B8E0-67B6FE1C6DA9}.Debug_WM5_PPC_ARM|Win32.Build.0 = Debug|Win32
		{961B8359-1393-4EF7-B8E0-67B6FE1C6DA9}.Debug_WM5_PPC_ARM|Windows Mobile 5.0 Pocket PC SDK (ARMV4I).ActiveCfg = Debug|Win32
		{961B8359-1393-4EF7-B8E0-67B6FE1C6DA9}.Debug_WM5_PPC_ARM|x64.ActiveCfg = Debug|x64
		{961B8359-1393-4EF7-B8E0-67B6FE1C6DA9}.Debug_WM5_PPC_ARM|x64.Build.0 = Debug|x64
		{961B8359-1393-4EF7-B8E0-67B6FE1C6DA9}.Debug|Win32.ActiveCfg = Debug|Win32
		{961B8359-1393-4EF7-B8E0-67B6FE1C6DA9}.Debug|Win32.Build.0 = Debug|Win32
		{961B8359-1393-4EF7-B8E0-67B6FE1C6DA9}.Debug|Windows Mobile 5.0 Pocket PC SDK (ARMV4I).ActiveCfg = Debug|Win32
		{961B8359-1393-4EF7-B8E0-67B6FE1C6DA9}.Debug|Windows Mobile 5.0 Pocket PC SDK (ARMV4I).Build.0 = Debug|Win32
		{961B8359-1393-4EF7-B8E0-67B6FE1C6DA9}.Debug|x64.ActiveCfg = Debug|x64
		{961B8359-1393-4EF7-B8E0-67B6FE1C6DA9}.Debug|x64.Build.0 = Debug|x64
		{961B8359-1393-4EF7-B8E0-67B6FE1C6DA9}.Release_Dynamic_SSE|Win32.ActiveCfg = Release_SSE|Win32
		{961B8359-1393-4EF7-B8E0-67B6FE1C6DA9}.Release_Dynamic_SSE|Win32.Build.0 = Release_SSE|Win32
		{961B8359-1393-4EF7-B8E0-67B6FE1C6DA9}.Release_Dynamic_SSE|Windows Mobile 5.0 Pocket PC SDK (ARMV4I).ActiveCfg = Release_SSE|Win32
		{961B8359-1393-4EF7-B8E0-67B6FE1C6DA9}.Release_Dynamic_SSE|Windows Mobile 5.0 Pocket PC SDK (ARMV4I).Build.0 = Release_SSE|Win32
		{961B8359-1393-4EF7-B8E0-67B6FE1C6DA9}.Release_Dynamic_SSE|x64.ActiveCfg = Release_SSE|x64
		{961B8359-1393-4EF7-B8E0-67B6FE1C6DA9}.Release_Dynamic_SSE|x64.Build.0 = Release_SSE|x64
		{961B8359-1393-4EF7-B8E0-67B6FE1C6DA9}.Release_Dynamic|Win32.ActiveCfg = Release_SSE|Win32
		{961B8359-1393-4EF7-B8E0-67B6FE1C6DA9}.Release_Dynamic|Win32.Build.0 = Release_SSE|Win32
		{961B8359-1393-4EF7-B8E0-67B6FE1C6DA9}.Release_Dynamic|Windows Mobile 5.0 Pocket PC SDK (ARMV4I).ActiveCfg = Release_SSE|Win32
		{961B8359-1393-4EF7-B8E0-67B6FE1C6DA9}.Release_Dynamic|x64.ActiveCfg = Release_SSE|x64
		{961B8359-1393-4EF7-B8E0-67B6FE1C6DA9}.Release_Dynamic|x64.Build.0 = Release_SSE|x64
		{961B8359-1393-4EF7-B8E0-67B6FE1C6DA9}.Release_RTL_dll|Win32.ActiveCfg = Release_SSE|Win32
		{961B8359-1393-4EF7-B8E0-67B6FE1C6DA9}.Release_RTL_dll|Win32.Build.0 = Release_SSE|Win32
		{961B8359-1393-4EF7-B8E0-67B6FE1C6DA9}.Release_RTL_dll|Windows Mobile 5.0 Pocket PC SDK (ARMV4I).ActiveCfg = Release_SSE|Win32
		{961B8359-1393-4EF7-B8E0-67B6FE1C6DA9}.Release_RTL_dll|x64.ActiveCfg = Release_SSE|x64
		{961B8359-1393-4EF7-B8E0-67B6FE1C6DA9}.Release_RTL_dll|x64.Build.0 = Release_SSE|x64
		{961B8359-1393-4EF7-B8E0-67B6FE1C6DA9}.Release_SSE|Win32.ActiveCfg = Release_SSE|Win32
		{961B8359-1393-4EF7-B8E0-67B6FE1C6DA9}.Release_SSE|Win32.Build.0 = Release_SSE|Win32
		{961B8359-1393-4EF7-B8E0-67B6FE1C6DA9}.Release_SSE|Windows Mobile 5.0 Pocket PC SDK (ARMV4I).ActiveCfg = Release_SSE|Win32
		{961B8359-1393-4EF7-B8E0-67B6FE1C6DA9}.Release_SSE|x64.ActiveCfg = Release_SSE|x64
		{961B8359-1393-4EF7-B8E0-67B6FE1C6DA9}.Release_SSE|x64.Build.0 = Release_SSE|x64
		{961B8359-1393-4EF7-B8E0-67B6FE1C6DA9}.Release_SSE2|Win32.ActiveCfg = Release_SSE|Win32
		{961B8359-1393-4EF7-B8E0-67B6FE1C6DA9}.Release_SSE2|Win32.Build.0 = Release_SSE|Win32
		{961B8359-1393-4EF7-B8E0-67B6FE1C6DA9}.Release_SSE2|Windows Mobile 5.0 Pocket PC SDK (ARMV4I).ActiveCfg = Release_SSE|Win32
		{961B8359-1393-4EF7-B8E0-67B6FE1C6DA9}.Release_SSE2|x64.ActiveCfg = Release_SSE|x64
		{961B8359-1393-4EF7-B8E0-67B6FE1C6DA9}.Release_SSE2|x64.Build.0 = Release_SSE|x64
		{961B8359-1393-4EF7-B8E0-67B6FE1C6DA9}.Release_Static_SSE|Win32.ActiveCfg = Release_SSE|Win32
		{961B8359-1393-4EF7-B8E0-67B6FE1C6DA9}.Release_Static_SSE|Win32.Build.0 = Release_SSE|Win32
		{961B8359-1393-4EF7-B8E0-67B6FE1C6DA9}.Release_Static_SSE|Windows Mobile 5.0 Pocket PC SDK (ARMV4I).ActiveCfg = Release_SSE|Win32
		{961B8359-1393-4EF7-B8E0-67B6FE1C6DA9}.Release_Static_SSE|Windows Mobile 5.0 Pocket PC SDK (ARMV4I).Build.0 = Release_SSE|Win32
		{961B8359-1393-4EF7-B8E0-67B6FE1C6DA9}.Release_Static_SSE|x64.ActiveCfg = Release_SSE|x64
		{961B8359-1393-4EF7-B8E0-67B6FE1C6DA9}.Release_Static_SSE|x64.Build.0 = Release_SSE|x64
		{961B8359-1393-4EF7-B8E0-67B6FE1C6DA9}.Release_WM5_PPC_ARM|Win32.ActiveCfg = Release_SSE|Win32
		{961B8359-1393-4EF7-B8E0-67B6FE1C6DA9}.Release_WM5_PPC_ARM|Win32.Build.0 = Release_SSE|Win32
		{961B8359-1393-4EF7-B8E0-67B6FE1C6DA9}.Release_WM5_PPC_ARM|Windows Mobile 5.0 Pocket PC SDK (ARMV4I).ActiveCfg = Release_SSE|Win32
		{961B8359-1393-4EF7-B8E0-67B6FE1C6DA9}.Release_WM5_PPC_ARM|x64.ActiveCfg = Release_SSE|x64
		{961B8359-1393-4EF7-B8E0-67B6FE1C6DA9}.Release_WM5_PPC_ARM|x64.Build.0 = Release_SSE|x64
		{961B8359-1393-4EF7-B8E0-67B6FE1C6DA9}.Release|Win32.ActiveCfg = Release|Win32
		{961B8359-1393-4EF7-B8E0-67B6FE1C6DA9}.Release|Win32.Build.0 = Release|Win32
		{961B8359-1393-4EF7-B8E0-67B6FE1C6DA9}.Release|Windows Mobile 5.0 Pocket PC SDK (ARMV4I).ActiveCfg = Release|Win32
		{961B8359-1393-4EF7-B8E0-67B6FE1C6DA9}.Release|Windows Mobile 5.0 Pocket PC SDK (ARMV4I).Build.0 = Release|Win32
		{961B8359-1393-4EF7-B8E0-67B6FE1C6DA9}.Release|x64.ActiveCfg = Release|x64
		{961B8359-1393-4EF7-B8E0-67B6FE1C6DA9}.Release|x64.Build.0 = Release|x64
		{961B8359-1393-4EF7-B8E0-67B6FE1C6DAA}.Debug_RTL_dll|Win32.ActiveCfg = Debug|Win32
		{961B8359-1393-4EF7-B8E0-67B6FE1C6DAA}.Debug_RTL_dll|Win32.Build.0 = Debug|Win32
		{961B8359-1393-4EF7-B8E0-67B6FE1C6DAA}.Debug_RTL_dll|Windows Mobile 5.0 Pocket PC SDK (ARMV4I).ActiveCfg = Debug|Win32
		{961B8359-1393-4EF7-B8E0-67B6FE1C6DAA}.Debug_RTL_dll|x64.ActiveCfg = Debug|x64
		{961B8359-1393-4EF7-B8E0-67B6FE1C6DAA}.Debug_RTL_dll|x64.Build.0 = Debug|x64
		{961B8359-1393-4EF7-B8E0-67B6FE1C6DAA}.Debug_WM5_PPC_ARM|Win32.ActiveCfg = Debug|Win32
		{961B8359-1393-4EF7-B8E0-67B6FE1C6DAA}.Debug_WM5_PPC_ARM|Win32.Build.0 = Debug|Win32
		{961B8359-1393-4EF7-B8E0-67B6FE1C6DAA}.Debug_WM5_PPC_ARM|Windows Mobile 5.0 Pocket PC SDK (ARMV4I).ActiveCfg = Debug|Win32
		{961B8359-1393-4EF7-B8E0-67B6FE1C6DAA}.Debug_WM5_PPC_ARM|x64.ActiveCfg = Debug|x64
		{961B8359-1393-4EF7-B8E0-67B6FE1C6DAA}.Debug_WM5_PPC_ARM|x64.Build.0 = Debug|x64
		{961B8359-1393-4EF7-B8E0-67B6FE1C6DAA}.Debug|Win32.ActiveCfg = Debug|Win32
		{961B8359-1393-4EF7-B8E0-67B6FE1C6DAA}.Debug|Win32.Build.0 = Debug|Win32
		{961B8359-1393-4EF7-B8E0-67B6FE1C6DAA}.Debug|Windows Mobile 5.0 Pocket PC SDK (ARMV4I).ActiveCfg = Debug|Win32
		{961B8359-1393-4EF7-B8E0-67B6FE1C6DAA}.Debug|Windows Mobile 5.0 Pocket PC SDK (ARMV4I).Build.0 = Debug|Win32
		{961B8359-1393-4EF7-B8E0-67B6FE1C6DAA}.Debug|x64.ActiveCfg = Debug|x64
		{961B8359-1393-4EF7-B8E0-67B6FE1C6DAA}.Debug|x64.Build.0 = Debug|x64
		{961B8359-1393-4EF7-B8E0-67B6FE1C6DAA}.Release_Dynamic_SSE|Win32.ActiveCfg = Release_SSE|Win32
		{961B8359-1393-4EF7-B8E0-67B6FE1C6DAA}.Release_Dynamic_SSE|Win32.Build.0 = Release_SSE|Win32
		{961B8359-1393-4EF7-B8E0-67B6FE1C6DAA}.Release_Dynamic_SSE|Windows Mobile 5.0 Pocket PC SDK (ARMV4I).ActiveCfg = Release_SSE|Win32
		{961B8359-1393-4EF7-B8E0-67B6FE1C6DAA}.Release_Dynamic_SSE|Windows Mobile 5.0 Pocket PC SDK (ARMV4I).Build.0 = Release_SSE|Win32
		{961B8359-1393-4EF7-B8E0-67B6FE1C6DAA}.Release_Dynamic_SSE|x64.ActiveCfg = Release_SSE|x64
		{961B8359-1393-4EF7-B8E0-67B6FE1C6DAA}.Release_Dynamic_SSE|x64.Build.0 = Release_SSE|x64
		{961B8359-1393-4EF7-B8E0-67B6FE1C6DAA}.Release_Dynamic|Win32.ActiveCfg = Release_SSE|Win32
		{961B8359-1393-4EF7-B8E0-67B6FE1C6DAA}.Release_Dynamic|Win32.Build.0 = Release_SSE|Win32
		{961B8359-1393-4EF7-B8E0-67B6FE1C6DAA}.Release_Dynamic|Windows Mobile 5.0 Pocket PC SDK (ARMV4I).ActiveCfg = Release_SSE|Win32
		{961B8359-1393-4EF7-B8E0-67B6FE1C6DAA}.Release_Dynamic|x64.ActiveCfg = Release_SSE|x64
		{961B8359-1393-4EF7-B8E0-67B6FE1C6DAA}.Release_Dynamic|x64.Build.0 = Release_SSE|x64
		{961B8359-1393-4EF7-B8E0-67B6FE1C6DAA}.Release_RTL_dll|Win32.ActiveCfg = Release_SSE|Win32
		{961B8359-1393-4EF7-B8E0-67B6FE1C6DAA}.Release_RTL_dll|Win32.Build.0 = Release_SSE|Win32
		{961B8359-1393-4EF7-B8E0-67B6FE1C6DAA}.Release_RTL_dll|Windows Mobile 5.0 Pocket PC SDK (ARMV4I).ActiveCfg = Release_SSE|Win32
		{961B8359-1393-4EF7-B8E0-67B6FE1C6DAA}.Release_RTL_dll|x64.ActiveCfg = Release_SSE|x64
		{961B8359-1393-4EF7-B8E0-67B6FE1C6DAA}.Release_RTL_dll|x64.Build.0 = Release_SSE|x64
		{961B8359-1393-4EF7-B8E0-67B6FE1C6DAA}.Release_SSE|Win32.ActiveCfg = Release_SSE|Win32
		{961B8359-1393-4EF7-B8E0-67B6FE1C6DAA}.Release_SSE|Win32.Build.0 = Release_SSE|Win32
		{961B8359-1393-4EF7-B8E0-67B6FE1C6DAA}.Release_SSE|Windows Mobile 5.0 Pocket PC SDK (ARMV4I).ActiveCfg = Release_SSE|Win32
		{961B8359-1393-4EF7-B8E0-67B6FE1C6DAA}.Release_SSE|x64.ActiveCfg = Release_SSE|x64
		{961B8359-1393-4EF7-B8E0-67B6FE1C6DAA}.Release_SSE|x64.Build.0 = Release_SSE|x64
		{961B8359-1393-4EF7-B8E0-67B6FE1C6DAA}.Release_SSE2|Win32.ActiveCfg = Release_SSE|Win32
		{961B8359-1393-4EF7-B8E0-67B6FE1C6DAA}.Release_SSE2|Win32.Build.0 = Release_SSE|Win32
		{961B8359-1393-4EF7-B8E0-67B6FE1C6DAA}.Release_SSE2|Windows Mobile 5.0 Pocket PC SDK (ARMV4I).ActiveCfg = Release_SSE|Win32
		{961B8359-1393-4EF7-B8E0-67B6FE1C6DAA}.Release_SSE2|x64.ActiveCfg = Release_SSE|x64
		{961B8359-1393-4EF7-B8E0-67B6FE1C6DAA}.Release_SSE2|x64.Build.0 = Release_SSE|x64
		{961B8359-1393-4EF7-B8E0-67B6FE1C6DAA}.Release_Static_SSE|Win32.ActiveCfg = Release_SSE|Win32
		{961B8359-1393-4EF7-B8E0-67B6FE1C6DAA}.Release_Static_SSE|Win32.Build.0 = Release_SSE|Win32
		{961B8359-1393-4EF7-B8E0-67B6FE1C6DAA}.Release_Static_SSE|Windows Mobile 5.0 Pocket PC SDK (ARMV4I).ActiveCfg = Release_SSE|Win32
		{961B8359-1393-4EF7-B8E0-67B6FE1C6DAA}.Release_Static_SSE|Windows Mobile 5.0 Pocket PC SDK (ARMV4I).Build.0 = Release_SSE|Win32
		{961B8359-1393-4EF7-B8E0-67B6FE1C6DAA}.Release_Static_SSE|x64.ActiveCfg = Release_SSE|x64
		{961B8359-1393-4EF7-B8E0-67B6FE1C6DAA}.Release_Static_SSE|x64.Build.0 = Release_SSE|x64
		{961B8359-1393-4EF7-B8E0-67B6FE1C6DAA}.Release_WM5_PPC_ARM|Win32.ActiveCfg = Release_SSE|Win32
		{961B8359-1393-4EF7-B8E0-67B6FE1C6DAA}.Release_WM5_PPC_ARM|Win32.Build.0 = Release_SSE|Win32
		{961B8359-1393-4EF7-B8E0-67B6FE1C6DAA}.Release_WM5_PPC_ARM|Windows Mobile 5.0 Pocket PC SDK (ARMV4I).ActiveCfg = Release_SSE|Win32
		{961B8359-1393-4EF7-B8E0-67B6FE1C6DAA}.Release_WM5_PPC_ARM|x64.ActiveCfg = Release_SSE|x64
		{961B8359-1393-4EF7-B8E0-67B6FE1C6DAA}.Release_WM5_PPC_ARM|x64.Build.0 = Release_SSE|x64
		{961B8359-1393-4EF7-B8E0-67B6FE1C6DAA}.Release|Win32.ActiveCfg = Release|Win32
		{961B8359-1393-4EF7-B8E0-67B6FE1C6DAA}.Release|Win32.Build.0 = Release|Win32
		{961B8359-1393-4EF7-B8E0-67B6FE1C6DAA}.Release|Windows Mobile 5.0 Pocket PC SDK (ARMV4I).ActiveCfg = Release|Win32
		{961B8359-1393-4EF7-B8E0-67B6FE1C6DAA}.Release|Windows Mobile 5.0 Pocket PC SDK (ARMV4I).Build.0 = Release|Win32
		{961B8359-1393-4EF7-B8E0-67B6FE1C6DAA}.Release|x64.ActiveCfg = Release|x64
		{961B8359-1393-4EF7-B8E0-67B6FE1C6DAA}.Release|x64.Build.0 = Release|x64
		{961B8359-1393-4EF7-B8E0-67B6FE1C6DAB}.Debug_RTL_dll|Win32.ActiveCfg = Debug|Win32
		{961B8359-1393-4EF7-B8E0-67B6FE1C6DAB}.Debug_RTL_dll|Win32.Build.0 = Debug|Win32
		{961B8359-1393-4EF7-B8E0-67B6FE1C6DAB}.Debug_RTL_dll|Windows Mobile 5.0 Pocket PC SDK (ARMV4I).ActiveCfg = Debug|Win32
		{961B8359-1393-4EF7-B8E0-67B6FE1C6DAB}.Debug_RTL_dll|x64.ActiveCfg = Debug|x64
		{961B8359-1393-4EF7-B8E0-67B6FE1C6DAB}.Debug_RTL_dll|x64.Build.0 = Debug|x64
		{961B8359-1393-4EF7-B8E0-67B6FE1C6DAB}.Debug_WM5_PPC_ARM|Win32.ActiveCfg = Debug|Win32
		{961B8359-1393-4EF7-B8E0-67B6FE1C6DAB}.Debug_WM5_PPC_ARM|Win32.Build.0 = Debug|Win32
		{961B8359-1393-4EF7-B8E0-67B6FE1C6DAB}.Debug_WM5_PPC_ARM|Windows Mobile 5.0 Pocket PC SDK (ARMV4I).ActiveCfg = Debug|Win32
		{961B8359-1393-4EF7-B8E0-67B6FE1C6DAB}.Debug_WM5_PPC_ARM|x64.ActiveCfg = Debug|x64
		{961B8359-1393-4EF7-B8E0-67B6FE1C6DAB}.Debug_WM5_PPC_ARM|x64.Build.0 = Debug|x64
		{961B8359-1393-4EF7-B8E0-67B6FE1C6DAB}.Debug|Win32.ActiveCfg = Debug|Win32
		{961B8359-1393-4EF7-B8E0-67B6FE1C6DAB}.Debug|Win32.Build.0 = Debug|Win32
		{961B8359-1393-4EF7-B8E0-67B6FE1C6DAB}.Debug|Windows Mobile 5.0 Pocket PC SDK (ARMV4I).ActiveCfg = Debug|Win32
		{961B8359-1393-4EF7-B8E0-67B6FE1C6DAB}.Debug|Windows Mobile 5.0 Pocket PC SDK (ARMV4I).Build.0 = Debug|Win32
		{961B8359-1393-4EF7-B8E0-67B6FE1C6DAB}.Debug|x64.ActiveCfg = Debug|x64
		{961B8359-1393-4EF7-B8E0-67B6FE1C6DAB}.Debug|x64.Build.0 = Debug|x64
		{961B8359-1393-4EF7-B8E0-67B6FE1C6DAB}.Release_Dynamic_SSE|Win32.ActiveCfg = Release_SSE|Win32
		{961B8359-1393-4EF7-B8E0-67B6FE1C6DAB}.Release_Dynamic_SSE|Win32.Build.0 = Release_SSE|Win32
		{961B8359-1393-4EF7-B8E0-67B6FE1C6DAB}.Release_Dynamic_SSE|Windows Mobile 5.0 Pocket PC SDK (ARMV4I).ActiveCfg = Release_SSE|Win32
		{961B8359-1393-4EF7-B8E0-67B6FE1C6DAB}.Release_Dynamic_SSE|Windows Mobile 5.0 Pocket PC SDK (ARMV4I).Build.0 = Release_SSE|Win32
		{961B8359-1393-4EF7-B8E0-67B6FE1C6DAB}.Release_Dynamic_SSE|x64.ActiveCfg = Release_SSE|x64
		{961B8359-1393-4EF7-B8E0-67B6FE1C6DAB}.Release_Dynamic_SSE|x64.Build.0 = Release_SSE|x64
		{961B8359-1393-4EF7-B8E0-67B6FE1C6DAB}.Release_Dynamic|Win32.ActiveCfg = Release_SSE|Win32
		{961B8359-1393-4EF7-B8E0-67B6FE1C6DAB}.Release_Dynamic|Win32.Build.0 = Release_SSE|Win32
		{961B8359-1393-4EF7-B8E0-67B6FE1C6DAB}.Release_Dynamic|Windows Mobile 5.0 Pocket PC SDK (ARMV4I).ActiveCfg = Release_SSE|Win32
		{961B8359-1393-4EF7-B8E0-67B6FE1C6DAB}.Release_Dynamic|x64.ActiveCfg = Release_SSE|x64
		{961B8359-1393-4EF7-B8E0-67B6FE1C6DAB}.Release_Dynamic|x64.Build.0 = Release_SSE|x64
		{961B8359-1393-4EF7-B8E0-67B6FE1C6DAB}.Release_RTL_dll|Win32.ActiveCfg = Release_SSE|Win32
		{961B8359-1393-4EF7-B8E0-67B6FE1C6DAB}.Release_RTL_dll|Win32.Build.0 = Release_SSE|Win32
		{961B8359-1393-4EF7-B8E0-67B6FE1C6DAB}.Release_RTL_dll|Windows Mobile 5.0 Pocket PC SDK (ARMV4I).ActiveCfg = Release_SSE|Win32
		{961B8359-1393-4EF7-B8E0-67B6FE1C6DAB}.Release_RTL_dll|x64.ActiveCfg = Release_SSE|x64
		{961B8359-1393-4EF7-B8E0-67B6FE1C6DAB}.Release_RTL_dll|x64.Build.0 = Release_SSE|x64
		{961B8359-1393-4EF7-B8E0-67B6FE1C6DAB}.Release_SSE|Win32.ActiveCfg = Release_SSE|Win32
		{961B8359-1393-4EF7-B8E0-67B6FE1C6DAB}.Release_SSE|Win32.Build.0 = Release_SSE|Win32
		{961B8359-1393-4EF7-B8E0-67B6FE1C6DAB}.Release_SSE|Windows Mobile 5.0 Pocket PC SDK (ARMV4I).ActiveCfg = Release_SSE|Win32
		{961B8359-1393-4EF7-B8E0-67B6FE1C6DAB}.Release_SSE|x64.ActiveCfg = Release_SSE|x64
		{961B8359-1393-4EF7-B8E0-67B6FE1C6DAB}.Release_SSE|x64.Build.0 = Release_SSE|x64
		{961B8359-1393-4EF7-B8E0-67B6FE1C6DAB}.Release_SSE2|Win32.ActiveCfg = Release_SSE|Win32
		{961B8359-1393-4EF7-B8E0-67B6FE1C6DAB}.Release_SSE2|Win32.Build.0 = Release_SSE|Win32
		{961B8359-1393-4EF7-B8E0-67B6FE1C6DAB}.Release_SSE2|Windows Mobile 5.0 Pocket PC SDK (ARMV4I).ActiveCfg = Release_SSE|Win32
		{961B8359-1393-4EF7-B8E0-67B6FE1C6DAB}.Release_SSE2|x64.ActiveCfg = Release_SSE|x64
		{961B8359-1393-4EF7-B8E0-67B6FE1C6DAB}.Release_SSE2|x64.Build.0 = Release_SSE|x64
		{961B8359-1393-4EF7-B8E0-67B6FE1C6DAB}.Release_Static_SSE|Win32.ActiveCfg = Release_SSE|Win32
		{961B8359-1393-4EF7-B8E0-67B6FE1C6DAB}.Release_Static_SSE|Win32.Build.0 = Release_SSE|Win32
		{961B8359-1393-4EF7-B8E0-67B6FE1C6DAB}.Release_Static_SSE|Windows Mobile 5.0 Pocket PC SDK (ARMV4I).ActiveCfg = Release_SSE|Win32
		{961B8359-1393-4EF7-B8E0-67B6FE1C6DAB}.Release_Static_SSE|Windows Mobile 5.0 Pocket PC SDK (ARMV4I).Build.0 = Release_SSE|Win32
		{961B8359-1393-4EF7-B8E0-67B6FE1C6DAB}.Release_Static_SSE|x64.ActiveCfg = Release_SSE|x64
		{961B8359-1393-4EF7-B8E0-67B6FE1C6DAB}.Release_Static_SSE|x64.Build.0 = Release_SSE|x64
		{961B8359-1393-4EF7-B8E0-67B6FE1C6DAB}.Release_WM5_PPC_ARM|Win32.ActiveCfg = Release_SSE|Win32
		{961B8359-1393-4EF7-B8E0-67B6FE1C6DAB}.Release_WM5_PPC_ARM|Win32.Build.0 = Release_SSE|Win32
		{961B8359-1393-4EF7-B8E0-67B6FE1C6DAB}.Release_WM5_PPC_ARM|Windows Mobile 5.0 Pocket PC SDK (ARMV4I).ActiveCfg = Release_SSE|Win32
		{961B8359-1393-4EF7-B8E0-67B6FE1C6DAB}.Release_WM5_PPC_ARM|x64.ActiveCfg = Release_SSE|x64
		{961B8359-1393-4EF7-B8E0-67B6FE1C6DAB}.Release_WM5_PPC_ARM|x64.Build.0 = Release_SSE|x64
		{961B8359-1393-4EF7-B8E0-67B6FE1C6DAB}.Release|Win32.ActiveCfg = Release|Win32
		{961B8359-1393-4EF7-B8E0-67B6FE1C6DAB}.Release|Win32.Build.0 = Release|Win32
		{961B8359-1393-4EF7-B8E0-67B6FE1C6DAB}.Release|Windows Mobile 5.0 Pocket PC SDK (ARMV4I).ActiveCfg = Release|Win32
		{961B8359-1393-4EF7-B8E0-67B6FE1C6DAB}.Release|Windows Mobile 5.0 Pocket PC SDK (ARMV4I).Build.0 = Release|Win32
		{961B8359-1393-4EF7-B8E0-67B6FE1C6DAB}.Release|x64.ActiveCfg = Release|x64
		{961B8359-1393-4EF7-B8E0-67B6FE1C6DAB}.Release|x64.Build.0 = Release|x64
		{03207781-0D1C-4DB3-A71D-45C608F28DBD}.Debug_RTL_dll|Win32.ActiveCfg = Debug|Win32
		{03207781-0D1C-4DB3-A71D-45C608F28DBD}.Debug_RTL_dll|Windows Mobile 5.0 Pocket PC SDK (ARMV4I).ActiveCfg = Debug|Win32
		{03207781-0D1C-4DB3-A71D-45C608F28DBD}.Debug_RTL_dll|x64.ActiveCfg = Debug|x64
		{03207781-0D1C-4DB3-A71D-45C608F28DBD}.Debug_RTL_dll|x64.Build.0 = Debug|x64
		{03207781-0D1C-4DB3-A71D-45C608F28DBD}.Debug_WM5_PPC_ARM|Win32.ActiveCfg = Debug|Win32
		{03207781-0D1C-4DB3-A71D-45C608F28DBD}.Debug_WM5_PPC_ARM|Windows Mobile 5.0 Pocket PC SDK (ARMV4I).ActiveCfg = Debug|Win32
		{03207781-0D1C-4DB3-A71D-45C608F28DBD}.Debug_WM5_PPC_ARM|x64.ActiveCfg = Debug|x64
		{03207781-0D1C-4DB3-A71D-45C608F28DBD}.Debug_WM5_PPC_ARM|x64.Build.0 = Debug|x64
		{03207781-0D1C-4DB3-A71D-45C608F28DBD}.Debug|Win32.ActiveCfg = Debug|Win32
		{03207781-0D1C-4DB3-A71D-45C608F28DBD}.Debug|Windows Mobile 5.0 Pocket PC SDK (ARMV4I).ActiveCfg = Debug|Win32
		{03207781-0D1C-4DB3-A71D-45C608F28DBD}.Debug|x64.ActiveCfg = Debug|x64
		{03207781-0D1C-4DB3-A71D-45C608F28DBD}.Release_Dynamic_SSE|Win32.ActiveCfg = Release_Dynamic_SSE|Win32
		{03207781-0D1C-4DB3-A71D-45C608F28DBD}.Release_Dynamic_SSE|Windows Mobile 5.0 Pocket PC SDK (ARMV4I).ActiveCfg = Release_Dynamic_SSE|Win32
		{03207781-0D1C-4DB3-A71D-45C608F28DBD}.Release_Dynamic_SSE|x64.ActiveCfg = Release_Dynamic_SSE|x64
		{03207781-0D1C-4DB3-A71D-45C608F28DBD}.Release_Dynamic|Win32.ActiveCfg = Release_Dynamic_SSE|Win32
		{03207781-0D1C-4DB3-A71D-45C608F28DBD}.Release_Dynamic|Windows Mobile 5.0 Pocket PC SDK (ARMV4I).ActiveCfg = Release_Dynamic_SSE|Win32
		{03207781-0D1C-4DB3-A71D-45C608F28DBD}.Release_Dynamic|x64.ActiveCfg = Release_Dynamic_SSE|x64
		{03207781-0D1C-4DB3-A71D-45C608F28DBD}.Release_Dynamic|x64.Build.0 = Release_Dynamic_SSE|x64
		{03207781-0D1C-4DB3-A71D-45C608F28DBD}.Release_RTL_dll|Win32.ActiveCfg = Release_Static_SSE|Win32
		{03207781-0D1C-4DB3-A71D-45C608F28DBD}.Release_RTL_dll|Windows Mobile 5.0 Pocket PC SDK (ARMV4I).ActiveCfg = Release_Static_SSE|Win32
		{03207781-0D1C-4DB3-A71D-45C608F28DBD}.Release_RTL_dll|x64.ActiveCfg = Release_Dynamic_SSE|x64
		{03207781-0D1C-4DB3-A71D-45C608F28DBD}.Release_RTL_dll|x64.Build.0 = Release_Dynamic_SSE|x64
		{03207781-0D1C-4DB3-A71D-45C608F28DBD}.Release_SSE|Win32.ActiveCfg = Release_Static_SSE|Win32
		{03207781-0D1C-4DB3-A71D-45C608F28DBD}.Release_SSE|Windows Mobile 5.0 Pocket PC SDK (ARMV4I).ActiveCfg = Release_Static_SSE|Win32
		{03207781-0D1C-4DB3-A71D-45C608F28DBD}.Release_SSE|x64.ActiveCfg = Release_Static_SSE|x64
		{03207781-0D1C-4DB3-A71D-45C608F28DBD}.Release_SSE|x64.Build.0 = Release_Static_SSE|x64
		{03207781-0D1C-4DB3-A71D-45C608F28DBD}.Release_SSE2|Win32.ActiveCfg = Release_Static_SSE|Win32
		{03207781-0D1C-4DB3-A71D-45C608F28DBD}.Release_SSE2|Windows Mobile 5.0 Pocket PC SDK (ARMV4I).ActiveCfg = Release_Static_SSE|Win32
		{03207781-0D1C-4DB3-A71D-45C608F28DBD}.Release_SSE2|x64.ActiveCfg = Release_Static_SSE|x64
		{03207781-0D1C-4DB3-A71D-45C608F28DBD}.Release_SSE2|x64.Build.0 = Release_Static_SSE|x64
		{03207781-0D1C-4DB3-A71D-45C608F28DBD}.Release_Static_SSE|Win32.ActiveCfg = Release_Static_SSE|Win32
		{03207781-0D1C-4DB3-A71D-45C608F28DBD}.Release_Static_SSE|Windows Mobile 5.0 Pocket PC SDK (ARMV4I).ActiveCfg = Release_Static_SSE|Win32
		{03207781-0D1C-4DB3-A71D-45C608F28DBD}.Release_Static_SSE|x64.ActiveCfg = Release_Static_SSE|x64
		{03207781-0D1C-4DB3-A71D-45C608F28DBD}.Release_WM5_PPC_ARM|Win32.ActiveCfg = Release_Static_SSE|Win32
		{03207781-0D1C-4DB3-A71D-45C608F28DBD}.Release_WM5_PPC_ARM|Windows Mobile 5.0 Pocket PC SDK (ARMV4I).ActiveCfg = Release_Static_SSE|Win32
		{03207781-0D1C-4DB3-A71D-45C608F28DBD}.Release_WM5_PPC_ARM|x64.ActiveCfg = Release_Dynamic_SSE|x64
		{03207781-0D1C-4DB3-A71D-45C608F28DBD}.Release_WM5_PPC_ARM|x64.Build.0 = Release_Dynamic_SSE|x64
		{03207781-0D1C-4DB3-A71D-45C608F28DBD}.Release|Win32.ActiveCfg = Release|Win32
		{03207781-0D1C-4DB3-A71D-45C608F28DBD}.Release|Windows Mobile 5.0 Pocket PC SDK (ARMV4I).ActiveCfg = Release|Win32
		{03207781-0D1C-4DB3-A71D-45C608F28DBD}.Release|x64.ActiveCfg = Release|x64
	EndGlobalSection
	GlobalSection(SolutionProperties) = preSolution
		HideSolutionNode = FALSE
	EndGlobalSection
	GlobalSection(ExtensibilityGlobals) = postSolution
		SolutionGuid = {77227216-E12F-4910-908C-27513459396F}
	EndGlobalSection
EndGlobal
